
Microsoft Visual Studio Solution File, Format Version 12.00
# Visual Studio Version 17
VisualStudioVersion = 17.11.34909.67
MinimumVisualStudioVersion = 10.0.40219.1
Project("{9A19103F-16F7-4668-BE54-9A1E7A4F7556}") = "MultiThreading.Notes.Lesson2", "MultiThreading.Notes.Lesson1\MultiThreading.Notes.Lesson2.csproj", "{3368F0B5-4E14-4667-B5AF-3A155B4A76D7}"
EndProject
Project("{9A19103F-16F7-4668-BE54-9A1E7A4F7556}") = "MultiThreading.Notes.Lesson3", "MultiThreading.Notes.Lesson3\MultiThreading.Notes.Lesson3.csproj", "{449A15BE-898E-48C3-879F-D06ADA511134}"
EndProject
Project("{9A19103F-16F7-4668-BE54-9A1E7A4F7556}") = "MultiThreading.Notes.Lesson4", "MultiThreading.Notes.Lesson4\MultiThreading.Notes.Lesson4.csproj", "{5AE82110-DCC3-4D8D-B1F4-37A2C9D1E33E}"
EndProject
Project("{9A19103F-16F7-4668-BE54-9A1E7A4F7556}") = "MultiThreading.Notes.Lesson5", "MultiThreading.Notes.Lesson5\MultiThreading.Notes.Lesson5.csproj", "{5AC4A33D-3323-4072-8245-20906A263AC6}"
EndProject
Project("{9A19103F-16F7-4668-BE54-9A1E7A4F7556}") = "MultiThreading.Notes.Lesson6", "MultiThreading.Notes.Lesson6\MultiThreading.Notes.Lesson6.csproj", "{ED412D63-B756-465F-AA67-A8BD4072E9C1}"
EndProject
Project("{9A19103F-16F7-4668-BE54-9A1E7A4F7556}") = "MultiThreading.Notes.Lesson7", "MultiThreading.Notes.Lesson7\MultiThreading.Notes.Lesson7.csproj", "{537D4EFA-1798-4394-93E7-882023A144DA}"
EndProject
Project("{9A19103F-16F7-4668-BE54-9A1E7A4F7556}") = "MultiThreading.Notes.Lesson8", "MultiThreading.Notes.Lesson8\MultiThreading.Notes.Lesson8.csproj", "{30B8B0FC-914F-4D34-8496-630B2ACB88D9}"
EndProject
Project("{9A19103F-16F7-4668-BE54-9A1E7A4F7556}") = "MultiThreading.Notes.Lesson9", "MultiThreading.Notes.Lesson9\MultiThreading.Notes.Lesson9.csproj", "{DB92C442-A1CA-43F8-9057-F99CC3CD0D65}"
EndProject
Project("{9A19103F-16F7-4668-BE54-9A1E7A4F7556}") = "MultiThreading.Notes.Lesson10", "MultiThreading.Notes.Lesson10\MultiThreading.Notes.Lesson10.csproj", "{D2592707-45DC-42D3-90ED-ED418905FFA6}"
EndProject
Project("{FAE04EC0-301F-11D3-BF4B-00C04F79EFBC}") = "MultiThreading.Notes.Lesson11", "MultiThreading.Notes.Lesson11\MultiThreading.Notes.Lesson11.csproj", "{6141045D-88B7-4856-B5BA-2304809D99D3}"
EndProject
Global
	GlobalSection(SolutionConfigurationPlatforms) = preSolution
		Debug|Any CPU = Debug|Any CPU
		Release|Any CPU = Release|Any CPU
	EndGlobalSection
	GlobalSection(ProjectConfigurationPlatforms) = postSolution
		{3368F0B5-4E14-4667-B5AF-3A155B4A76D7}.Debug|Any CPU.ActiveCfg = Debug|Any CPU
		{3368F0B5-4E14-4667-B5AF-3A155B4A76D7}.Debug|Any CPU.Build.0 = Debug|Any CPU
		{3368F0B5-4E14-4667-B5AF-3A155B4A76D7}.Release|Any CPU.ActiveCfg = Release|Any CPU
		{3368F0B5-4E14-4667-B5AF-3A155B4A76D7}.Release|Any CPU.Build.0 = Release|Any CPU
		{449A15BE-898E-48C3-879F-D06ADA511134}.Debug|Any CPU.ActiveCfg = Debug|Any CPU
		{449A15BE-898E-48C3-879F-D06ADA511134}.Debug|Any CPU.Build.0 = Debug|Any CPU
		{449A15BE-898E-48C3-879F-D06ADA511134}.Release|Any CPU.ActiveCfg = Release|Any CPU
		{449A15BE-898E-48C3-879F-D06ADA511134}.Release|Any CPU.Build.0 = Release|Any CPU
		{5AE82110-DCC3-4D8D-B1F4-37A2C9D1E33E}.Debug|Any CPU.ActiveCfg = Debug|Any CPU
		{5AE82110-DCC3-4D8D-B1F4-37A2C9D1E33E}.Debug|Any CPU.Build.0 = Debug|Any CPU
		{5AE82110-DCC3-4D8D-B1F4-37A2C9D1E33E}.Release|Any CPU.ActiveCfg = Release|Any CPU
		{5AE82110-DCC3-4D8D-B1F4-37A2C9D1E33E}.Release|Any CPU.Build.0 = Release|Any CPU
		{5AC4A33D-3323-4072-8245-20906A263AC6}.Debug|Any CPU.ActiveCfg = Debug|Any CPU
		{5AC4A33D-3323-4072-8245-20906A263AC6}.Debug|Any CPU.Build.0 = Debug|Any CPU
		{5AC4A33D-3323-4072-8245-20906A263AC6}.Release|Any CPU.ActiveCfg = Release|Any CPU
		{5AC4A33D-3323-4072-8245-20906A263AC6}.Release|Any CPU.Build.0 = Release|Any CPU
		{ED412D63-B756-465F-AA67-A8BD4072E9C1}.Debug|Any CPU.ActiveCfg = Debug|Any CPU
		{ED412D63-B756-465F-AA67-A8BD4072E9C1}.Debug|Any CPU.Build.0 = Debug|Any CPU
		{ED412D63-B756-465F-AA67-A8BD4072E9C1}.Release|Any CPU.ActiveCfg = Release|Any CPU
		{ED412D63-B756-465F-AA67-A8BD4072E9C1}.Release|Any CPU.Build.0 = Release|Any CPU
		{537D4EFA-1798-4394-93E7-882023A144DA}.Debug|Any CPU.ActiveCfg = Debug|Any CPU
		{537D4EFA-1798-4394-93E7-882023A144DA}.Debug|Any CPU.Build.0 = Debug|Any CPU
		{537D4EFA-1798-4394-93E7-882023A144DA}.Release|Any CPU.ActiveCfg = Release|Any CPU
		{537D4EFA-1798-4394-93E7-882023A144DA}.Release|Any CPU.Build.0 = Release|Any CPU
		{30B8B0FC-914F-4D34-8496-630B2ACB88D9}.Debug|Any CPU.ActiveCfg = Debug|Any CPU
		{30B8B0FC-914F-4D34-8496-630B2ACB88D9}.Debug|Any CPU.Build.0 = Debug|Any CPU
		{30B8B0FC-914F-4D34-8496-630B2ACB88D9}.Release|Any CPU.ActiveCfg = Release|Any CPU
		{30B8B0FC-914F-4D34-8496-630B2ACB88D9}.Release|Any CPU.Build.0 = Release|Any CPU
		{DB92C442-A1CA-43F8-9057-F99CC3CD0D65}.Debug|Any CPU.ActiveCfg = Debug|Any CPU
		{DB92C442-A1CA-43F8-9057-F99CC3CD0D65}.Debug|Any CPU.Build.0 = Debug|Any CPU
		{DB92C442-A1CA-43F8-9057-F99CC3CD0D65}.Release|Any CPU.ActiveCfg = Release|Any CPU
		{DB92C442-A1CA-43F8-9057-F99CC3CD0D65}.Release|Any CPU.Build.0 = Release|Any CPU
		{D2592707-45DC-42D3-90ED-ED418905FFA6}.Debug|Any CPU.ActiveCfg = Debug|Any CPU
		{D2592707-45DC-42D3-90ED-ED418905FFA6}.Debug|Any CPU.Build.0 = Debug|Any CPU
		{D2592707-45DC-42D3-90ED-ED418905FFA6}.Release|Any CPU.ActiveCfg = Release|Any CPU
		{D2592707-45DC-42D3-90ED-ED418905FFA6}.Release|Any CPU.Build.0 = Release|Any CPU
		{6141045D-88B7-4856-B5BA-2304809D99D3}.Debug|Any CPU.ActiveCfg = Debug|Any CPU
		{6141045D-88B7-4856-B5BA-2304809D99D3}.Debug|Any CPU.Build.0 = Debug|Any CPU
		{6141045D-88B7-4856-B5BA-2304809D99D3}.Release|Any CPU.ActiveCfg = Release|Any CPU
		{6141045D-88B7-4856-B5BA-2304809D99D3}.Release|Any CPU.Build.0 = Release|Any CPU
	EndGlobalSection
	GlobalSection(SolutionProperties) = preSolution
		HideSolutionNode = FALSE
	EndGlobalSection
	GlobalSection(ExtensibilityGlobals) = postSolution
		SolutionGuid = {9DB160B6-0073-4A86-B630-85B3D1CA6082}
	EndGlobalSection
EndGlobal
